
Microsoft Visual Studio Solution File, Format Version 12.00
# Visual Studio Version 17
VisualStudioVersion = 17.0.32112.339
MinimumVisualStudioVersion = 10.0.40219.1
Project("{FAE04EC0-301F-11D3-BF4B-00C04F79EFBC}") = "MangaTM", "MangaTM\MangaTM.csproj", "{99FCF0DC-FD98-4DCB-AE2C-C3954A40DAED}"
EndProject
Global
	GlobalSection(SolutionConfigurationPlatforms) = preSolution
		Debug|Any CPU = Debug|Any CPU
		Release|Any CPU = Release|Any CPU
	EndGlobalSection
	GlobalSection(ProjectConfigurationPlatforms) = postSolution
		{99FCF0DC-FD98-4DCB-AE2C-C3954A40DAED}.Debug|Any CPU.ActiveCfg = Debug|Any CPU
		{99FCF0DC-FD98-4DCB-AE2C-C3954A40DAED}.Debug|Any CPU.Build.0 = Debug|Any CPU
		{99FCF0DC-FD98-4DCB-AE2C-C3954A40DAED}.Release|Any CPU.ActiveCfg = Release|Any CPU
		{99FCF0DC-FD98-4DCB-AE2C-C3954A40DAED}.Release|Any CPU.Build.0 = Release|Any CPU
	EndGlobalSection
	GlobalSection(SolutionProperties) = preSolution
		HideSolutionNode = FALSE
	EndGlobalSection
	GlobalSection(ExtensibilityGlobals) = postSolution
		SolutionGuid = {7362A1EA-1B6E-45C2-B704-4A300DEDA25C}
	EndGlobalSection
EndGlobal
